
Microsoft Visual Studio Solution File, Format Version 12.00
# Visual Studio Version 17
VisualStudioVersion = 17.4.33110.190
MinimumVisualStudioVersion = 10.0.40219.1
Project("{FAE04EC0-301F-11D3-BF4B-00C04F79EFBC}") = "Tic tac toe V2.2", "Tic tac toe V2.2.csproj", "{C189E0D2-1522-4E18-8D0A-438DC2B8A2A5}"
EndProject
Global
	GlobalSection(SolutionConfigurationPlatforms) = preSolution
		Debug|Any CPU = Debug|Any CPU
		Release|Any CPU = Release|Any CPU
	EndGlobalSection
	GlobalSection(ProjectConfigurationPlatforms) = postSolution
		{C189E0D2-1522-4E18-8D0A-438DC2B8A2A5}.Debug|Any CPU.ActiveCfg = Debug|Any CPU
		{C189E0D2-1522-4E18-8D0A-438DC2B8A2A5}.Debug|Any CPU.Build.0 = Debug|Any CPU
		{C189E0D2-1522-4E18-8D0A-438DC2B8A2A5}.Release|Any CPU.ActiveCfg = Release|Any CPU
		{C189E0D2-1522-4E18-8D0A-438DC2B8A2A5}.Release|Any CPU.Build.0 = Release|Any CPU
	EndGlobalSection
	GlobalSection(SolutionProperties) = preSolution
		HideSolutionNode = FALSE
	EndGlobalSection
	GlobalSection(ExtensibilityGlobals) = postSolution
		SolutionGuid = {F57BF4D6-2644-4631-914B-92B09B9D2A2D}
	EndGlobalSection
EndGlobal
